
Microsoft Visual Studio Solution File, Format Version 12.00
# Visual Studio 15
VisualStudioVersion = 15.0.27004.2009
MinimumVisualStudioVersion = 10.0.40219.1
Project("{8BC9CEB8-8B4A-11D0-8D11-00A0C91BC942}") = "kursovaya_aleksandr", "kursovaya_aleksandr\kursovaya_aleksandr.vcxproj", "{940BA0C6-5FEA-4617-B1E5-60C3A6C5B89E}"
EndProject
Global
	GlobalSection(SolutionConfigurationPlatforms) = preSolution
		Debug|x64 = Debug|x64
		Debug|x86 = Debug|x86
		Release|x64 = Release|x64
		Release|x86 = Release|x86
	EndGlobalSection
	GlobalSection(ProjectConfigurationPlatforms) = postSolution
		{940BA0C6-5FEA-4617-B1E5-60C3A6C5B89E}.Debug|x64.ActiveCfg = Debug|x64
		{940BA0C6-5FEA-4617-B1E5-60C3A6C5B89E}.Debug|x64.Build.0 = Debug|x64
		{940BA0C6-5FEA-4617-B1E5-60C3A6C5B89E}.Debug|x86.ActiveCfg = Debug|Win32
		{940BA0C6-5FEA-4617-B1E5-60C3A6C5B89E}.Debug|x86.Build.0 = Debug|Win32
		{940BA0C6-5FEA-4617-B1E5-60C3A6C5B89E}.Release|x64.ActiveCfg = Release|x64
		{940BA0C6-5FEA-4617-B1E5-60C3A6C5B89E}.Release|x64.Build.0 = Release|x64
		{940BA0C6-5FEA-4617-B1E5-60C3A6C5B89E}.Release|x86.ActiveCfg = Release|Win32
		{940BA0C6-5FEA-4617-B1E5-60C3A6C5B89E}.Release|x86.Build.0 = Release|Win32
	EndGlobalSection
	GlobalSection(SolutionProperties) = preSolution
		HideSolutionNode = FALSE
	EndGlobalSection
	GlobalSection(ExtensibilityGlobals) = postSolution
		SolutionGuid = {53E52B80-EB62-4799-B9A3-CB7AB4A8B9FD}
	EndGlobalSection
EndGlobal
